
Microsoft Visual Studio Solution File, Format Version 12.00
# Visual Studio Version 17
VisualStudioVersion = 17.3.32804.467
MinimumVisualStudioVersion = 10.0.40219.1
Project("{FAE04EC0-301F-11D3-BF4B-00C04F79EFBC}") = "NowwaitingSpotSearch", "NowwaitingSpotSearch\NowwaitingSpotSearch.csproj", "{5786150E-97BD-4426-886C-1F948023C4E3}"
EndProject
Global
	GlobalSection(SolutionConfigurationPlatforms) = preSolution
		Debug|Any CPU = Debug|Any CPU
		Release|Any CPU = Release|Any CPU
	EndGlobalSection
	GlobalSection(ProjectConfigurationPlatforms) = postSolution
		{5786150E-97BD-4426-886C-1F948023C4E3}.Debug|Any CPU.ActiveCfg = Debug|Any CPU
		{5786150E-97BD-4426-886C-1F948023C4E3}.Debug|Any CPU.Build.0 = Debug|Any CPU
		{5786150E-97BD-4426-886C-1F948023C4E3}.Release|Any CPU.ActiveCfg = Release|Any CPU
		{5786150E-97BD-4426-886C-1F948023C4E3}.Release|Any CPU.Build.0 = Release|Any CPU
	EndGlobalSection
	GlobalSection(SolutionProperties) = preSolution
		HideSolutionNode = FALSE
	EndGlobalSection
	GlobalSection(ExtensibilityGlobals) = postSolution
		SolutionGuid = {73B24324-6B5B-46F9-833F-891C938C3835}
	EndGlobalSection
EndGlobal
